
Microsoft Visual Studio Solution File, Format Version 12.00
# Visual Studio Version 17
VisualStudioVersion = 17.11.35303.130
MinimumVisualStudioVersion = 10.0.40219.1
Project("{FAE04EC0-301F-11D3-BF4B-00C04F79EFBC}") = "WpfApp1_mastermind3_final_edition", "WpfApp1_mastermind3_final_edition.csproj", "{0CACD796-C2A1-49EC-972C-941A3920B009}"
EndProject
Global
	GlobalSection(SolutionConfigurationPlatforms) = preSolution
		Debug|Any CPU = Debug|Any CPU
		Release|Any CPU = Release|Any CPU
	EndGlobalSection
	GlobalSection(ProjectConfigurationPlatforms) = postSolution
		{0CACD796-C2A1-49EC-972C-941A3920B009}.Debug|Any CPU.ActiveCfg = Debug|Any CPU
		{0CACD796-C2A1-49EC-972C-941A3920B009}.Debug|Any CPU.Build.0 = Debug|Any CPU
		{0CACD796-C2A1-49EC-972C-941A3920B009}.Release|Any CPU.ActiveCfg = Release|Any CPU
		{0CACD796-C2A1-49EC-972C-941A3920B009}.Release|Any CPU.Build.0 = Release|Any CPU
	EndGlobalSection
	GlobalSection(SolutionProperties) = preSolution
		HideSolutionNode = FALSE
	EndGlobalSection
	GlobalSection(ExtensibilityGlobals) = postSolution
		SolutionGuid = {C5A07341-5638-4011-B28E-3BEAB4A54963}
	EndGlobalSection
EndGlobal
